{
  "name": "lunaphp",
  "version": "1.0.0",
  "lockfileVersion": 1,
  "requires": true,
  "dependencies": {
    "bootstrap": {
      "version": "4.4.1",
      "resolved": "https://registry.npmjs.org/bootstrap/-/bootstrap-4.4.1.tgz",
      "integrity": "sha512-tbx5cHubwE6e2ZG7nqM3g/FZ5PQEDMWmMGNrCUBVRPHXTJaH7CBDdsLeu3eCh3B1tzAxTnAbtmrzvWEvT2NNEA=="
    },
    "datatables.net": {
      "version": "1.10.25",
      "resolved": "https://registry.npmjs.org/datatables.net/-/datatables.net-1.10.25.tgz",
      "integrity": "sha512-y0+C7all+MC/h1acwnjErhaJPjYGKpWTvbXrfEUbR8+P+nnhgjNn5nL1udgsTwBObMhlj1KITNBRrM/ZLSoj+Q==",
      "requires": {
        "jquery": ">=1.7"
      }
    },
    "datatables.net-colreorder": {
      "version": "1.5.2",
      "resolved": "https://registry.npmjs.org/datatables.net-colreorder/-/datatables.net-colreorder-1.5.2.tgz",
      "integrity": "sha512-77ShdeM7QjKI6M1jfWQ4ZempSYMmmpe9NqjimHBp+o9lAto789YdCLiFrW71dwn1v8Awp4qcMShqHNxGzR/HVg==",
      "requires": {
        "datatables.net": "^1.10.15",
        "jquery": ">=1.7"
      }
    },
    "datatables.net-colreorder-dt": {
      "version": "1.5.2",
      "resolved": "https://registry.npmjs.org/datatables.net-colreorder-dt/-/datatables.net-colreorder-dt-1.5.2.tgz",
      "integrity": "sha512-42iZQoeyvlFADfpOf9nX5RxafvnVwvm/8J7/EgSzlUAUGvBI2We3KGK9dE2QUUSM6PMEk0HPjIgeB+i23dAIYg==",
      "requires": {
        "datatables.net-colreorder": "1.5.2",
        "datatables.net-dt": "^1.10.15",
        "jquery": ">=1.7"
      }
    },
    "datatables.net-dt": {
      "version": "1.10.25",
      "resolved": "https://registry.npmjs.org/datatables.net-dt/-/datatables.net-dt-1.10.25.tgz",
      "integrity": "sha512-MIr83Q+KGwea4UsNzVwjgW1vraODKWKLUsMG0aT4ZBG83/7+uGvGsjfFLBPrTtERXxji0tGVLeuFTHvJexufHA==",
      "requires": {
        "datatables.net": "1.10.25",
        "jquery": ">=1.7"
      }
    },
    "datatables.net-responsive": {
      "version": "2.2.4",
      "resolved": "https://registry.npmjs.org/datatables.net-responsive/-/datatables.net-responsive-2.2.4.tgz",
      "integrity": "sha512-Z/cmagi3pY75Cb2cbE22NUxvl5Q0IrqSE8ICWZb2XyIJmSnyTTilsgTaBy4WId+yKtwSa2asjQR2LQgV2QSfkg==",
      "requires": {
        "datatables.net": "^1.10.15",
        "jquery": ">=1.7"
      }
    },
    "datatables.net-responsive-dt": {
      "version": "2.2.4",
      "resolved": "https://registry.npmjs.org/datatables.net-responsive-dt/-/datatables.net-responsive-dt-2.2.4.tgz",
      "integrity": "sha512-qZTrqaFDh5aDtOuGQUKjK0WnI0SzSnm4EXh2Mpv3QJxGTaaF3UTSg0+mqufYQPL45Z9tvKT+9vgGkhOiduhHCA==",
      "requires": {
        "datatables.net-dt": "^1.10.15",
        "datatables.net-responsive": "2.2.4",
        "jquery": ">=1.7"
      }
    },
    "font-awesome": {
      "version": "4.7.0",
      "resolved": "https://registry.npmjs.org/font-awesome/-/font-awesome-4.7.0.tgz",
      "integrity": "sha1-j6jPBBGhoxr9B7BtKQK7n8gVoTM="
    },
    "jquery": {
      "version": "3.5.0",
      "resolved": "https://registry.npmjs.org/jquery/-/jquery-3.5.0.tgz",
      "integrity": "sha512-Xb7SVYMvygPxbFMpTFQiHh1J7HClEaThguL15N/Gg37Lri/qKyhRGZYzHRyLH8Stq3Aow0LsHO2O2ci86fCrNQ=="
    }
  }
}
